// !$*UTF8*$!
{
	archiveVersion = 1;
	classes = {
	};
	objectVersion = 50;
	objects = {

/* Begin PBXBuildFile section */
		87E250A126A6104100ED26F9 /* AppDelegate.swift in Sources */ = {isa = PBXBuildFile; fileRef = 87E250A026A6104100ED26F9 /* AppDelegate.swift */; };
		87E250A326A6104100ED26F9 /* SceneDelegate.swift in Sources */ = {isa = PBXBuildFile; fileRef = 87E250A226A6104100ED26F9 /* SceneDelegate.swift */; };
		87E250A526A6104100ED26F9 /* MastulViewController.swift in Sources */ = {isa = PBXBuildFile; fileRef = 87E250A426A6104100ED26F9 /* MastulViewController.swift */; };
		87E250A826A6104100ED26F9 /* Main.storyboard in Resources */ = {isa = PBXBuildFile; fileRef = 87E250A626A6104100ED26F9 /* Main.storyboard */; };
		87E250AA26A6104500ED26F9 /* Assets.xcassets in Resources */ = {isa = PBXBuildFile; fileRef = 87E250A926A6104500ED26F9 /* Assets.xcassets */; };
		87E250AD26A6104500ED26F9 /* LaunchScreen.storyboard in Resources */ = {isa = PBXBuildFile; fileRef = 87E250AB26A6104500ED26F9 /* LaunchScreen.storyboard */; };
		87E250B726A612A200ED26F9 /* WeatherModel.swift in Sources */ = {isa = PBXBuildFile; fileRef = 87E250B626A612A200ED26F9 /* WeatherModel.swift */; };
		87F8D1B526A7344700DC0AFB /* WeatherManager.swift in Sources */ = {isa = PBXBuildFile; fileRef = 87F8D1B426A7344700DC0AFB /* WeatherManager.swift */; };
		87F8D1B726A7347800DC0AFB /* WeatherData.swift in Sources */ = {isa = PBXBuildFile; fileRef = 87F8D1B626A7347800DC0AFB /* WeatherData.swift */; };
/* End PBXBuildFile section */

/* Begin PBXFileReference section */
		87E2509D26A6104100ED26F9 /* Mastul Weather App.app */ = {isa = PBXFileReference; explicitFileType = wrapper.application; includeInIndex = 0; path = "Mastul Weather App.app"; sourceTree = BUILT_PRODUCTS_DIR; };
		87E250A026A6104100ED26F9 /* AppDelegate.swift */ = {isa = PBXFileReference; lastKnownFileType = sourcecode.swift; path = AppDelegate.swift; sourceTree = "<group>"; };
		87E250A226A6104100ED26F9 /* SceneDelegate.swift */ = {isa = PBXFileReference; lastKnownFileType = sourcecode.swift; path = SceneDelegate.swift; sourceTree = "<group>"; };
		87E250A426A6104100ED26F9 /* MastulViewController.swift */ = {isa = PBXFileReference; lastKnownFileType = sourcecode.swift; path = MastulViewController.swift; sourceTree = "<group>"; };
		87E250A726A6104100ED26F9 /* Base */ = {isa = PBXFileReference; lastKnownFileType = file.storyboard; name = Base; path = Base.lproj/Main.storyboard; sourceTree = "<group>"; };
		87E250A926A6104500ED26F9 /* Assets.xcassets */ = {isa = PBXFileReference; lastKnownFileType = folder.assetcatalog; path = Assets.xcassets; sourceTree = "<group>"; };
		87E250AC26A6104500ED26F9 /* Base */ = {isa = PBXFileReference; lastKnownFileType = file.storyboard; name = Base; path = Base.lproj/LaunchScreen.storyboard; sourceTree = "<group>"; };
		87E250AE26A6104500ED26F9 /* Info.plist */ = {isa = PBXFileReference; lastKnownFileType = text.plist.xml; path = Info.plist; sourceTree = "<group>"; };
		87E250B626A612A200ED26F9 /* WeatherModel.swift */ = {isa = PBXFileReference; lastKnownFileType = sourcecode.swift; path = WeatherModel.swift; sourceTree = "<group>"; };
		87F8D1B426A7344700DC0AFB /* WeatherManager.swift */ = {isa = PBXFileReference; lastKnownFileType = sourcecode.swift; path = WeatherManager.swift; sourceTree = "<group>"; };
		87F8D1B626A7347800DC0AFB /* WeatherData.swift */ = {isa = PBXFileReference; lastKnownFileType = sourcecode.swift; path = WeatherData.swift; sourceTree = "<group>"; };
/* End PBXFileReference section */

/* Begin PBXFrameworksBuildPhase section */
		87E2509A26A6104100ED26F9 /* Frameworks */ = {
			isa = PBXFrameworksBuildPhase;
			buildActionMask = 2147483647;
			files = (
			);
			runOnlyForDeploymentPostprocessing = 0;
		};
/* End PBXFrameworksBuildPhase section */

/* Begin PBXGroup section */
		87E2509426A6104100ED26F9 = {
			isa = PBXGroup;
			children = (
				87E2509F26A6104100ED26F9 /* Mastul Weather App */,
				87E2509E26A6104100ED26F9 /* Products */,
			);
			sourceTree = "<group>";
		};
		87E2509E26A6104100ED26F9 /* Products */ = {
			isa = PBXGroup;
			children = (
				87E2509D26A6104100ED26F9 /* Mastul Weather App.app */,
			);
			name = Products;
			sourceTree = "<group>";
		};
		87E2509F26A6104100ED26F9 /* Mastul Weather App */ = {
			isa = PBXGroup;
			children = (
				87E250A026A6104100ED26F9 /* AppDelegate.swift */,
				87E250A226A6104100ED26F9 /* SceneDelegate.swift */,
				87E250B826A612AF00ED26F9 /* Model */,
				87E250B426A6120500ED26F9 /* View */,
				87E250B526A6123F00ED26F9 /* Controller */,
				87E250A926A6104500ED26F9 /* Assets.xcassets */,
				87E250AB26A6104500ED26F9 /* LaunchScreen.storyboard */,
				87E250AE26A6104500ED26F9 /* Info.plist */,
			);
			path = "Mastul Weather App";
			sourceTree = "<group>";
		};
		87E250B426A6120500ED26F9 /* View */ = {
			isa = PBXGroup;
			children = (
				87E250A626A6104100ED26F9 /* Main.storyboard */,
			);
			path = View;
			sourceTree = "<group>";
		};
		87E250B526A6123F00ED26F9 /* Controller */ = {
			isa = PBXGroup;
			children = (
				87E250A426A6104100ED26F9 /* MastulViewController.swift */,
			);
			path = Controller;
			sourceTree = "<group>";
		};
		87E250B826A612AF00ED26F9 /* Model */ = {
			isa = PBXGroup;
			children = (
				87E250B626A612A200ED26F9 /* WeatherModel.swift */,
				87F8D1B426A7344700DC0AFB /* WeatherManager.swift */,
				87F8D1B626A7347800DC0AFB /* WeatherData.swift */,
			);
			path = Model;
			sourceTree = "<group>";
		};
/* End PBXGroup section */

/* Begin PBXNativeTarget section */
		87E2509C26A6104100ED26F9 /* Mastul Weather App */ = {
			isa = PBXNativeTarget;
			buildConfigurationList = 87E250B126A6104500ED26F9 /* Build configuration list for PBXNativeTarget "Mastul Weather App" */;
			buildPhases = (
				87E2509926A6104100ED26F9 /* Sources */,
				87E2509A26A6104100ED26F9 /* Frameworks */,
				87E2509B26A6104100ED26F9 /* Resources */,
			);
			buildRules = (
			);
			dependencies = (
			);
			name = "Mastul Weather App";
			productName = "Mastul Weather App";
			productReference = 87E2509D26A6104100ED26F9 /* Mastul Weather App.app */;
			productType = "com.apple.product-type.application";
		};
/* End PBXNativeTarget section */

/* Begin PBXProject section */
		87E2509526A6104100ED26F9 /* Project object */ = {
			isa = PBXProject;
			attributes = {
				LastSwiftUpdateCheck = 1250;
				LastUpgradeCheck = 1250;
				TargetAttributes = {
					87E2509C26A6104100ED26F9 = {
						CreatedOnToolsVersion = 12.5.1;
					};
				};
			};
			buildConfigurationList = 87E2509826A6104100ED26F9 /* Build configuration list for PBXProject "Mastul Weather App" */;
			compatibilityVersion = "Xcode 9.3";
			developmentRegion = en;
			hasScannedForEncodings = 0;
			knownRegions = (
				en,
				Base,
			);
			mainGroup = 87E2509426A6104100ED26F9;
			productRefGroup = 87E2509E26A6104100ED26F9 /* Products */;
			projectDirPath = "";
			projectRoot = "";
			targets = (
				87E2509C26A6104100ED26F9 /* Mastul Weather App */,
			);
		};
/* End PBXProject section */

/* Begin PBXResourcesBuildPhase section */
		87E2509B26A6104100ED26F9 /* Resources */ = {
			isa = PBXResourcesBuildPhase;
			buildActionMask = 2147483647;
			files = (
				87E250AD26A6104500ED26F9 /* LaunchScreen.storyboard in Resources */,
				87E250AA26A6104500ED26F9 /* Assets.xcassets in Resources */,
				87E250A826A6104100ED26F9 /* Main.storyboard in Resources */,
			);
			runOnlyForDeploymentPostprocessing = 0;
		};
/* End PBXResourcesBuildPhase section */

/* Begin PBXSourcesBuildPhase section */
		87E2509926A6104100ED26F9 /* Sources */ = {
			isa = PBXSourcesBuildPhase;
			buildActionMask = 2147483647;
			files = (
				87E250A526A6104100ED26F9 /* MastulViewController.swift in Sources */,
				87E250A126A6104100ED26F9 /* AppDelegate.swift in Sources */,
				87F8D1B526A7344700DC0AFB /* WeatherManager.swift in Sources */,
				87E250B726A612A200ED26F9 /* WeatherModel.swift in Sources */,
				87F8D1B726A7347800DC0AFB /* WeatherData.swift in Sources */,
				87E250A326A6104100ED26F9 /* SceneDelegate.swift in Sources */,
			);
			runOnlyForDeploymentPostprocessing = 0;
		};
/* End PBXSourcesBuildPhase section */

/* Begin PBXVariantGroup section */
		87E250A626A6104100ED26F9 /* Main.storyboard */ = {
			isa = PBXVariantGroup;
			children = (
				87E250A726A6104100ED26F9 /* Base */,
			);
			name = Main.storyboard;
			sourceTree = "<group>";
		};
		87E250AB26A6104500ED26F9 /* LaunchScreen.storyboard */ = {
			isa = PBXVariantGroup;
			children = (
				87E250AC26A6104500ED26F9 /* Base */,
			);
			name = LaunchScreen.storyboard;
			sourceTree = "<group>";
		};
/* End PBXVariantGroup section */

/* Begin XCBuildConfiguration section */
		87E250AF26A6104500ED26F9 /* Debug */ = {
			isa = XCBuildConfiguration;
			buildSettings = {
				ALWAYS_SEARCH_USER_PATHS = NO;
				CLANG_ANALYZER_NONNULL = YES;
				CLANG_ANALYZER_NUMBER_OBJECT_CONVERSION = YES_AGGRESSIVE;
				CLANG_CXX_LANGUAGE_STANDARD = "gnu++14";
				CLANG_CXX_LIBRARY = "libc++";
				CLANG_ENABLE_MODULES = YES;
				CLANG_ENABLE_OBJC_ARC = YES;
				CLANG_ENABLE_OBJC_WEAK = YES;
				CLANG_WARN_BLOCK_CAPTURE_AUTORELEASING = YES;
				CLANG_WARN_BOOL_CONVERSION = YES;
				CLANG_WARN_COMMA = YES;
				CLANG_WARN_CONSTANT_CONVERSION = YES;
				CLANG_WARN_DEPRECATED_OBJC_IMPLEMENTATIONS = YES;
				CLANG_WARN_DIRECT_OBJC_ISA_USAGE = YES_ERROR;
				CLANG_WARN_DOCUMENTATION_COMMENTS = YES;
				CLANG_WARN_EMPTY_BODY = YES;
				CLANG_WARN_ENUM_CONVERSION = YES;
				CLANG_WARN_INFINITE_RECURSION = YES;
				CLANG_WARN_INT_CONVERSION = YES;
				CLANG_WARN_NON_LITERAL_NULL_CONVERSION = YES;
				CLANG_WARN_OBJC_IMPLICIT_RETAIN_SELF = YES;
				CLANG_WARN_OBJC_LITERAL_CONVERSION = YES;
				CLANG_WARN_OBJC_ROOT_CLASS = YES_ERROR;
				CLANG_WARN_QUOTED_INCLUDE_IN_FRAMEWORK_HEADER = YES;
				CLANG_WARN_RANGE_LOOP_ANALYSIS = YES;
				CLANG_WARN_STRICT_PROTOTYPES = YES;
				CLANG_WARN_SUSPICIOUS_MOVE = YES;
				CLANG_WARN_UNGUARDED_AVAILABILITY = YES_AGGRESSIVE;
				CLANG_WARN_UNREACHABLE_CODE = YES;
				CLANG_WARN__DUPLICATE_METHOD_MATCH = YES;
				COPY_PHASE_STRIP = NO;
				DEBUG_INFORMATION_FORMAT = dwarf;
				ENABLE_STRICT_OBJC_MSGSEND = YES;
				ENABLE_TESTABILITY = YES;
				GCC_C_LANGUAGE_STANDARD = gnu11;
				GCC_DYNAMIC_NO_PIC = NO;
				GCC_NO_COMMON_BLOCKS = YES;
				GCC_OPTIMIZATION_LEVEL = 0;
				GCC_PREPROCESSOR_DEFINITIONS = (
					"DEBUG=1",
					"$(inherited)",
				);
				GCC_WARN_64_TO_32_BIT_CONVERSION = YES;
				GCC_WARN_ABOUT_RETURN_TYPE = YES_ERROR;
				GCC_WARN_UNDECLARED_SELECTOR = YES;
				GCC_WARN_UNINITIALIZED_AUTOS = YES_AGGRESSIVE;
				GCC_WARN_UNUSED_FUNCTION = YES;
				GCC_WARN_UNUSED_VARIABLE = YES;
				IPHONEOS_DEPLOYMENT_TARGET = 14.5;
				MTL_ENABLE_DEBUG_INFO = INCLUDE_SOURCE;
				MTL_FAST_MATH = YES;
				ONLY_ACTIVE_ARCH = YES;
				SDKROOT = iphoneos;
				SWIFT_ACTIVE_COMPILATION_CONDITIONS = DEBUG;
				SWIFT_OPTIMIZATION_LEVEL = "-Onone";
			};
			name = Debug;
		};
		87E250B026A6104500ED26F9 /* Release */ = {
			isa = XCBuildConfiguration;
			buildSettings = {
				ALWAYS_SEARCH_USER_PATHS = NO;
				CLANG_ANALYZER_NONNULL = YES;
				CLANG_ANALYZER_NUMBER_OBJECT_CONVERSION = YES_AGGRESSIVE;
				CLANG_CXX_LANGUAGE_STANDARD = "gnu++14";
				CLANG_CXX_LIBRARY = "libc++";
				CLANG_ENABLE_MODULES = YES;
				CLANG_ENABLE_OBJC_ARC = YES;
				CLANG_ENABLE_OBJC_WEAK = YES;
				CLANG_WARN_BLOCK_CAPTURE_AUTORELEASING = YES;
				CLANG_WARN_BOOL_CONVERSION = YES;
				CLANG_WARN_COMMA = YES;
				CLANG_WARN_CONSTANT_CONVERSION = YES;
				CLANG_WARN_DEPRECATED_OBJC_IMPLEMENTATIONS = YES;
				CLANG_WARN_DIRECT_OBJC_ISA_USAGE = YES_ERROR;
				CLANG_WARN_DOCUMENTATION_COMMENTS = YES;
				CLANG_WARN_EMPTY_BODY = YES;
				CLANG_WARN_ENUM_CONVERSION = YES;
				CLANG_WARN_INFINITE_RECURSION = YES;
				CLANG_WARN_INT_CONVERSION = YES;
				CLANG_WARN_NON_LITERAL_NULL_CONVERSION = YES;
				CLANG_WARN_OBJC_IMPLICIT_RETAIN_SELF = YES;
				CLANG_WARN_OBJC_LITERAL_CONVERSION = YES;
				CLANG_WARN_OBJC_ROOT_CLASS = YES_ERROR;
				CLANG_WARN_QUOTED_INCLUDE_IN_FRAMEWORK_HEADER = YES;
				CLANG_WARN_RANGE_LOOP_ANALYSIS = YES;
				CLANG_WARN_STRICT_PROTOTYPES = YES;
				CLANG_WARN_SUSPICIOUS_MOVE = YES;
				CLANG_WARN_UNGUARDED_AVAILABILITY = YES_AGGRESSIVE;
				CLANG_WARN_UNREACHABLE_CODE = YES;
				CLANG_WARN__DUPLICATE_METHOD_MATCH = YES;
				COPY_PHASE_STRIP = NO;
				DEBUG_INFORMATION_FORMAT = "dwarf-with-dsym";
				ENABLE_NS_ASSERTIONS = NO;
				ENABLE_STRICT_OBJC_MSGSEND = YES;
				GCC_C_LANGUAGE_STANDARD = gnu11;
				GCC_NO_COMMON_BLOCKS = YES;
				GCC_WARN_64_TO_32_BIT_CONVERSION = YES;
				GCC_WARN_ABOUT_RETURN_TYPE = YES_ERROR;
				GCC_WARN_UNDECLARED_SELECTOR = YES;
				GCC_WARN_UNINITIALIZED_AUTOS = YES_AGGRESSIVE;
				GCC_WARN_UNUSED_FUNCTION = YES;
				GCC_WARN_UNUSED_VARIABLE = YES;
				IPHONEOS_DEPLOYMENT_TARGET = 14.5;
				MTL_ENABLE_DEBUG_INFO = NO;
				MTL_FAST_MATH = YES;
				SDKROOT = iphoneos;
				SWIFT_COMPILATION_MODE = wholemodule;
				SWIFT_OPTIMIZATION_LEVEL = "-O";
				VALIDATE_PRODUCT = YES;
			};
			name = Release;
		};
		87E250B226A6104500ED26F9 /* Debug */ = {
			isa = XCBuildConfiguration;
			buildSettings = {
				ASSETCATALOG_COMPILER_APPICON_NAME = AppIcon;
				ASSETCATALOG_COMPILER_GLOBAL_ACCENT_COLOR_NAME = AccentColor;
				CODE_SIGN_STYLE = Automatic;
				DEVELOPMENT_TEAM = CV6F738R7S;
				INFOPLIST_FILE = "Mastul Weather App/Info.plist";
				LD_RUNPATH_SEARCH_PATHS = (
					"$(inherited)",
					"@executable_path/Frameworks",
				);
				PRODUCT_BUNDLE_IDENTIFIER = "com.debashish.Mastul-Weather-App";
				PRODUCT_NAME = "$(TARGET_NAME)";
				SWIFT_VERSION = 5.0;
				TARGETED_DEVICE_FAMILY = "1,2";
			};
			name = Debug;
		};
		87E250B326A6104500ED26F9 /* Release */ = {
			isa = XCBuildConfiguration;
			buildSettings = {
				ASSETCATALOG_COMPILER_APPICON_NAME = AppIcon;
				ASSETCATALOG_COMPILER_GLOBAL_ACCENT_COLOR_NAME = AccentColor;
				CODE_SIGN_STYLE = Automatic;
				DEVELOPMENT_TEAM = CV6F738R7S;
				INFOPLIST_FILE = "Mastul Weather App/Info.plist";
				LD_RUNPATH_SEARCH_PATHS = (
					"$(inherited)",
					"@executable_path/Frameworks",
				);
				PRODUCT_BUNDLE_IDENTIFIER = "com.debashish.Mastul-Weather-App";
				PRODUCT_NAME = "$(TARGET_NAME)";
				SWIFT_VERSION = 5.0;
				TARGETED_DEVICE_FAMILY = "1,2";
			};
			name = Release;
		};
/* End XCBuildConfiguration section */

/* Begin XCConfigurationList section */
		87E2509826A6104100ED26F9 /* Build configuration list for PBXProject "Mastul Weather App" */ = {
			isa = XCConfigurationList;
			buildConfigurations = (
				87E250AF26A6104500ED26F9 /* Debug */,
				87E250B026A6104500ED26F9 /* Release */,
			);
			defaultConfigurationIsVisible = 0;
			defaultConfigurationName = Release;
		};
		87E250B126A6104500ED26F9 /* Build configuration list for PBXNativeTarget "Mastul Weather App" */ = {
			isa = XCConfigurationList;
			buildConfigurations = (
				87E250B226A6104500ED26F9 /* Debug */,
				87E250B326A6104500ED26F9 /* Release */,
			);
			defaultConfigurationIsVisible = 0;
			defaultConfigurationName = Release;
		};
/* End XCConfigurationList section */
	};
	rootObject = 87E2509526A6104100ED26F9 /* Project object */;
}
